# This file is automatically generated - do not edit it directly.
# Use https://weblate.rob006.net/projects/flarum/fof-spamblock/et/ for translation.
# You can read more about the process at https://github.com/rob006-software/flarum-translations/wiki.

fof-spamblock:
  admin:
    permissions:
      spamblock_users_label: 'Märgi kasutaja spämmeriks'
  forum:
    user_controls:
      spammer_button: Spämmer
      spammer_confirmation: "Oled sa kindel, et sa soovid \n• Peita kõik kasutaja vestlused ja postitused \n• [flarum/suspend] Lülitada kasutajakonto välja"
