# This file is automatically generated - do not edit it directly.
# Use https://weblate.rob006.net/projects/flarum/litalino-adblock/et/ for translation.
# You can read more about the process at https://github.com/rob006-software/flarum-translations/wiki.

adblock:
  admin:
    adblock-action: 'Vali teavitus'
    adblock-action-backup: varunda
    adblock-action-help: 'Siin saad muuta vaikimisi teavitust ''message, backup'''
    adblock-action-message: sõnum
    adblock-action-notice: teavitus
    adblock-alt: Alt
    adblock-alt-placeholder: 'Pildi alternatiivtekst'
    adblock-div: 'Vali bänneri silt, kus HTML-koodi näidatakse'
    adblock-div-placeholder: 'Nt. ''#content, .App-content, .IndexPage, container'''
    adblock-img: Img
    adblock-img-placeholder: 'https://domeen/pilt.png'
    adblock-notice-content: 'Sõnumi sisu'
    adblock-notice-content-help: 'Siin saad sisu muuta'
    adblock-notice-content-placeholder: 'Hei! Kas sa palun saaksid meid aidata? Tean, et reklaamid on mõnikord liiga häirivad ning sa soovid kasutada Adblocki. Aga palun toeta meid lisades see veebisait valgesse nimekirja. See aitab meil hoida saiti avatuna tasuta. Aitäh sulle abi eest!'
    adblock-notice-content-sup: 'Toetab üleval olevat välikest teksti sõnumi sisus'
    adblock-notice-content-sup-placeholder: 'Vajuta x, et sulgeda teavitused ja näidata sisu.'
    adblock-notice-element: 'Vali silt, kus teavitusi näidatakse'
    adblock-notice-element-placeholder: 'Nt. ''#content, .App-content, .IndexPage, container'''
    adblock-notice-method: 'Teate stiil'
    adblock-notice-method-help: 'Siin saad muuta teavituse sisu'
    adblock-supportRedirectUrl: 'Toeta meid link'
    adblock-supportRedirectUrl-placeholder: 'Palun sisesta korrektne URL või jäta see tühjaks'
    adblock-supportUsMessage: 'Toeta meid sõnumeid'
    adblock-supportUsMessage-placeholder: 'Palun toeta meid lülitades AdBlockeri meie saidil välja.'
    adblock-supportUsTitle: 'Toeta meid'
    adblock-supportUsTitle-placeholder: 'Palun toeta meid'
    adblock-url: URL
    adblock-url-placeholder: 'https://domeen'
  forum:
    adblock-notice-content: 'Hei! Kas sa palun saaksid meid aidata? Tean, et reklaamid on mõnikord liiga häirivad ning sa soovid kasutada Adblocki. Aga palun toeta meid lisades see veebisait valgesse nimekirja. See aitab meil hoida saiti avatuna tasuta. Aitäh sulle abi eest!'
    adblock-notice-content-sup: 'Vajuta x, et sulgeda teavitused ja näidata sisu.'
